{
  "name": "discord_bot_netlify",
  "lockfileVersion": 3,
  "requires": true,
  "packages": {
    "": {
      "dependencies": {
        "discord-interactions": "^4.3.0"
      }
    },
    "node_modules/discord-interactions": {
      "version": "4.3.0",
      "resolved": "https://registry.npmjs.org/discord-interactions/-/discord-interactions-4.3.0.tgz",
      "integrity": "sha512-qCJEnuQeIDIo26MPEqYlIiYokqwFAMoRsmEE0PgAuiTYNXIMB9Z40LmqlgYe0yBO+743+AOnfTQdUK1WLg8+pw==",
      "license": "MIT",
      "engines": {
        "node": ">=18.4.0"
      }
    }
  }
}
